
Microsoft Visual Studio Solution File, Format Version 12.00
# Visual Studio 15
VisualStudioVersion = 15.0.26228.4
MinimumVisualStudioVersion = 10.0.40219.1
Project("{2150E333-8FDC-42A3-9474-1A3956D46DE8}") = "Rewrite", "Rewrite", "{284EF95E-49B4-4717-82AB-825243990DD1}"
EndProject
Project("{FAE04EC0-301F-11D3-BF4B-00C04F79EFBC}") = "nsteam.ConfigServer.Types", "nsteam.ConfigServer.Types\nsteam.ConfigServer.Types.csproj", "{17222AE1-48B1-4FAF-B0DC-4A2FED8F8E9C}"
EndProject
Project("{FAE04EC0-301F-11D3-BF4B-00C04F79EFBC}") = "nsteam.ConfigServer.Client", "nsteam.ConfigServer.Client\nsteam.ConfigServer.Client.csproj", "{A7A7343E-403B-4880-9594-88E7199DA528}"
EndProject
Project("{FAE04EC0-301F-11D3-BF4B-00C04F79EFBC}") = "nsteam.ConfigServer", "nsteam.ConfigServer\nsteam.ConfigServer.csproj", "{97BF2571-5C92-4084-85EB-9E5D2BCB13FB}"
EndProject
Project("{FAE04EC0-301F-11D3-BF4B-00C04F79EFBC}") = "nsteam.ConfigServer.Demo", "nsteam.ConfigServer.Demo\nsteam.ConfigServer.Demo.csproj", "{26C284F1-992A-4812-B6F4-F01523562AF1}"
EndProject
Project("{FAE04EC0-301F-11D3-BF4B-00C04F79EFBC}") = "nsteam.ConfigServer.DemoWinForm", "nsteam.ConfigServer.DemoWinForm\nsteam.ConfigServer.DemoWinForm.csproj", "{CFCED2AF-A708-463A-BE2D-E959E55C74BA}"
EndProject
Project("{FAE04EC0-301F-11D3-BF4B-00C04F79EFBC}") = "nsteam.ConfigServer.WinService", "nsteam.ConfigServer.WinService\nsteam.ConfigServer.WinService.csproj", "{43D4D298-F0D7-4758-88C0-177DCC7FA94C}"
EndProject
Project("{FAE04EC0-301F-11D3-BF4B-00C04F79EFBC}") = "nsteam.ConfigServer.Console", "nsteam.ConfigServer.Console\nsteam.ConfigServer.Console.csproj", "{6D6A72BB-38AC-4546-90A4-56F3E818DABD}"
EndProject
Project("{FAE04EC0-301F-11D3-BF4B-00C04F79EFBC}") = "nsteam.ConfigServer.Provider", "nsteam.ConfigServer.Provider\nsteam.ConfigServer.Provider.csproj", "{89A4106F-F0DB-483A-8550-E9C07B051EA2}"
EndProject
Project("{FAE04EC0-301F-11D3-BF4B-00C04F79EFBC}") = "nsteam.Importer", "nsteam.Importer\nsteam.Importer.csproj", "{A2AD7746-A158-4545-A348-C3C6704E3A49}"
EndProject
Project("{9A19103F-16F7-4668-BE54-9A1E7A4F7556}") = "yupisoft.ConfigServer", "yupisoft.ConfigServer\yupisoft.ConfigServer.csproj", "{EC157CF7-EDED-46B9-BDFC-7EF55B60C643}"
EndProject
Project("{9A19103F-16F7-4668-BE54-9A1E7A4F7556}") = "yupisoft.ConfigServer.Core", "yupisoft.ConfigServer.Core\yupisoft.ConfigServer.Core.csproj", "{223097D2-1767-4D43-90EC-2FD113DF8EFD}"
EndProject
Project("{9A19103F-16F7-4668-BE54-9A1E7A4F7556}") = "ConsoleApp1", "ConsoleApp1\ConsoleApp1.csproj", "{CC3D618E-DAAB-4DF5-9359-AABD45BC2E9A}"
EndProject
Project("{9A19103F-16F7-4668-BE54-9A1E7A4F7556}") = "yupisoft.ConfigServer.Client", "yupisoft.ConfigServer.Client\yupisoft.ConfigServer.Client.csproj", "{5FB15566-1B54-4CB3-BA7A-41E259465EAF}"
EndProject
Global
	GlobalSection(SolutionConfigurationPlatforms) = preSolution
		Debug|Any CPU = Debug|Any CPU
		Dev|Any CPU = Dev|Any CPU
		Prod|Any CPU = Prod|Any CPU
		Release|Any CPU = Release|Any CPU
	EndGlobalSection
	GlobalSection(ProjectConfigurationPlatforms) = postSolution
		{17222AE1-48B1-4FAF-B0DC-4A2FED8F8E9C}.Debug|Any CPU.ActiveCfg = Dev|Any CPU
		{17222AE1-48B1-4FAF-B0DC-4A2FED8F8E9C}.Debug|Any CPU.Build.0 = Dev|Any CPU
		{17222AE1-48B1-4FAF-B0DC-4A2FED8F8E9C}.Dev|Any CPU.ActiveCfg = Dev|Any CPU
		{17222AE1-48B1-4FAF-B0DC-4A2FED8F8E9C}.Dev|Any CPU.Build.0 = Dev|Any CPU
		{17222AE1-48B1-4FAF-B0DC-4A2FED8F8E9C}.Prod|Any CPU.ActiveCfg = Prod|Any CPU
		{17222AE1-48B1-4FAF-B0DC-4A2FED8F8E9C}.Prod|Any CPU.Build.0 = Prod|Any CPU
		{17222AE1-48B1-4FAF-B0DC-4A2FED8F8E9C}.Release|Any CPU.ActiveCfg = Prod|Any CPU
		{17222AE1-48B1-4FAF-B0DC-4A2FED8F8E9C}.Release|Any CPU.Build.0 = Prod|Any CPU
		{A7A7343E-403B-4880-9594-88E7199DA528}.Debug|Any CPU.ActiveCfg = Debug|Any CPU
		{A7A7343E-403B-4880-9594-88E7199DA528}.Debug|Any CPU.Build.0 = Debug|Any CPU
		{A7A7343E-403B-4880-9594-88E7199DA528}.Dev|Any CPU.ActiveCfg = Debug|Any CPU
		{A7A7343E-403B-4880-9594-88E7199DA528}.Dev|Any CPU.Build.0 = Debug|Any CPU
		{A7A7343E-403B-4880-9594-88E7199DA528}.Prod|Any CPU.ActiveCfg = Release|Any CPU
		{A7A7343E-403B-4880-9594-88E7199DA528}.Prod|Any CPU.Build.0 = Release|Any CPU
		{A7A7343E-403B-4880-9594-88E7199DA528}.Release|Any CPU.ActiveCfg = Release|Any CPU
		{A7A7343E-403B-4880-9594-88E7199DA528}.Release|Any CPU.Build.0 = Release|Any CPU
		{97BF2571-5C92-4084-85EB-9E5D2BCB13FB}.Debug|Any CPU.ActiveCfg = Dev|Any CPU
		{97BF2571-5C92-4084-85EB-9E5D2BCB13FB}.Debug|Any CPU.Build.0 = Dev|Any CPU
		{97BF2571-5C92-4084-85EB-9E5D2BCB13FB}.Dev|Any CPU.ActiveCfg = Dev|Any CPU
		{97BF2571-5C92-4084-85EB-9E5D2BCB13FB}.Dev|Any CPU.Build.0 = Dev|Any CPU
		{97BF2571-5C92-4084-85EB-9E5D2BCB13FB}.Prod|Any CPU.ActiveCfg = Prod|Any CPU
		{97BF2571-5C92-4084-85EB-9E5D2BCB13FB}.Prod|Any CPU.Build.0 = Prod|Any CPU
		{97BF2571-5C92-4084-85EB-9E5D2BCB13FB}.Release|Any CPU.ActiveCfg = Prod|Any CPU
		{97BF2571-5C92-4084-85EB-9E5D2BCB13FB}.Release|Any CPU.Build.0 = Prod|Any CPU
		{26C284F1-992A-4812-B6F4-F01523562AF1}.Debug|Any CPU.ActiveCfg = Debug|Any CPU
		{26C284F1-992A-4812-B6F4-F01523562AF1}.Debug|Any CPU.Build.0 = Debug|Any CPU
		{26C284F1-992A-4812-B6F4-F01523562AF1}.Dev|Any CPU.ActiveCfg = Debug|Any CPU
		{26C284F1-992A-4812-B6F4-F01523562AF1}.Dev|Any CPU.Build.0 = Debug|Any CPU
		{26C284F1-992A-4812-B6F4-F01523562AF1}.Prod|Any CPU.ActiveCfg = Release|Any CPU
		{26C284F1-992A-4812-B6F4-F01523562AF1}.Prod|Any CPU.Build.0 = Release|Any CPU
		{26C284F1-992A-4812-B6F4-F01523562AF1}.Release|Any CPU.ActiveCfg = Release|Any CPU
		{26C284F1-992A-4812-B6F4-F01523562AF1}.Release|Any CPU.Build.0 = Release|Any CPU
		{CFCED2AF-A708-463A-BE2D-E959E55C74BA}.Debug|Any CPU.ActiveCfg = Debug|Any CPU
		{CFCED2AF-A708-463A-BE2D-E959E55C74BA}.Debug|Any CPU.Build.0 = Debug|Any CPU
		{CFCED2AF-A708-463A-BE2D-E959E55C74BA}.Dev|Any CPU.ActiveCfg = Debug|Any CPU
		{CFCED2AF-A708-463A-BE2D-E959E55C74BA}.Dev|Any CPU.Build.0 = Debug|Any CPU
		{CFCED2AF-A708-463A-BE2D-E959E55C74BA}.Prod|Any CPU.ActiveCfg = Release|Any CPU
		{CFCED2AF-A708-463A-BE2D-E959E55C74BA}.Prod|Any CPU.Build.0 = Release|Any CPU
		{CFCED2AF-A708-463A-BE2D-E959E55C74BA}.Release|Any CPU.ActiveCfg = Release|Any CPU
		{CFCED2AF-A708-463A-BE2D-E959E55C74BA}.Release|Any CPU.Build.0 = Release|Any CPU
		{43D4D298-F0D7-4758-88C0-177DCC7FA94C}.Debug|Any CPU.ActiveCfg = Debug|Any CPU
		{43D4D298-F0D7-4758-88C0-177DCC7FA94C}.Debug|Any CPU.Build.0 = Debug|Any CPU
		{43D4D298-F0D7-4758-88C0-177DCC7FA94C}.Dev|Any CPU.ActiveCfg = Debug|Any CPU
		{43D4D298-F0D7-4758-88C0-177DCC7FA94C}.Dev|Any CPU.Build.0 = Debug|Any CPU
		{43D4D298-F0D7-4758-88C0-177DCC7FA94C}.Prod|Any CPU.ActiveCfg = Release|Any CPU
		{43D4D298-F0D7-4758-88C0-177DCC7FA94C}.Prod|Any CPU.Build.0 = Release|Any CPU
		{43D4D298-F0D7-4758-88C0-177DCC7FA94C}.Release|Any CPU.ActiveCfg = Release|Any CPU
		{43D4D298-F0D7-4758-88C0-177DCC7FA94C}.Release|Any CPU.Build.0 = Release|Any CPU
		{6D6A72BB-38AC-4546-90A4-56F3E818DABD}.Debug|Any CPU.ActiveCfg = Dev|Any CPU
		{6D6A72BB-38AC-4546-90A4-56F3E818DABD}.Debug|Any CPU.Build.0 = Dev|Any CPU
		{6D6A72BB-38AC-4546-90A4-56F3E818DABD}.Dev|Any CPU.ActiveCfg = Dev|Any CPU
		{6D6A72BB-38AC-4546-90A4-56F3E818DABD}.Dev|Any CPU.Build.0 = Dev|Any CPU
		{6D6A72BB-38AC-4546-90A4-56F3E818DABD}.Prod|Any CPU.ActiveCfg = Prod|Any CPU
		{6D6A72BB-38AC-4546-90A4-56F3E818DABD}.Prod|Any CPU.Build.0 = Prod|Any CPU
		{6D6A72BB-38AC-4546-90A4-56F3E818DABD}.Release|Any CPU.ActiveCfg = Prod|Any CPU
		{6D6A72BB-38AC-4546-90A4-56F3E818DABD}.Release|Any CPU.Build.0 = Prod|Any CPU
		{89A4106F-F0DB-483A-8550-E9C07B051EA2}.Debug|Any CPU.ActiveCfg = Debug|Any CPU
		{89A4106F-F0DB-483A-8550-E9C07B051EA2}.Debug|Any CPU.Build.0 = Debug|Any CPU
		{89A4106F-F0DB-483A-8550-E9C07B051EA2}.Dev|Any CPU.ActiveCfg = Debug|Any CPU
		{89A4106F-F0DB-483A-8550-E9C07B051EA2}.Dev|Any CPU.Build.0 = Debug|Any CPU
		{89A4106F-F0DB-483A-8550-E9C07B051EA2}.Prod|Any CPU.ActiveCfg = Release|Any CPU
		{89A4106F-F0DB-483A-8550-E9C07B051EA2}.Prod|Any CPU.Build.0 = Release|Any CPU
		{89A4106F-F0DB-483A-8550-E9C07B051EA2}.Release|Any CPU.ActiveCfg = Release|Any CPU
		{89A4106F-F0DB-483A-8550-E9C07B051EA2}.Release|Any CPU.Build.0 = Release|Any CPU
		{A2AD7746-A158-4545-A348-C3C6704E3A49}.Debug|Any CPU.ActiveCfg = Debug|Any CPU
		{A2AD7746-A158-4545-A348-C3C6704E3A49}.Debug|Any CPU.Build.0 = Debug|Any CPU
		{A2AD7746-A158-4545-A348-C3C6704E3A49}.Dev|Any CPU.ActiveCfg = Debug|Any CPU
		{A2AD7746-A158-4545-A348-C3C6704E3A49}.Dev|Any CPU.Build.0 = Debug|Any CPU
		{A2AD7746-A158-4545-A348-C3C6704E3A49}.Prod|Any CPU.ActiveCfg = Release|Any CPU
		{A2AD7746-A158-4545-A348-C3C6704E3A49}.Prod|Any CPU.Build.0 = Release|Any CPU
		{A2AD7746-A158-4545-A348-C3C6704E3A49}.Release|Any CPU.ActiveCfg = Release|Any CPU
		{A2AD7746-A158-4545-A348-C3C6704E3A49}.Release|Any CPU.Build.0 = Release|Any CPU
		{EC157CF7-EDED-46B9-BDFC-7EF55B60C643}.Debug|Any CPU.ActiveCfg = Debug|Any CPU
		{EC157CF7-EDED-46B9-BDFC-7EF55B60C643}.Debug|Any CPU.Build.0 = Debug|Any CPU
		{EC157CF7-EDED-46B9-BDFC-7EF55B60C643}.Dev|Any CPU.ActiveCfg = Debug|Any CPU
		{EC157CF7-EDED-46B9-BDFC-7EF55B60C643}.Dev|Any CPU.Build.0 = Debug|Any CPU
		{EC157CF7-EDED-46B9-BDFC-7EF55B60C643}.Prod|Any CPU.ActiveCfg = Debug|Any CPU
		{EC157CF7-EDED-46B9-BDFC-7EF55B60C643}.Prod|Any CPU.Build.0 = Debug|Any CPU
		{EC157CF7-EDED-46B9-BDFC-7EF55B60C643}.Release|Any CPU.ActiveCfg = Release|Any CPU
		{EC157CF7-EDED-46B9-BDFC-7EF55B60C643}.Release|Any CPU.Build.0 = Release|Any CPU
		{223097D2-1767-4D43-90EC-2FD113DF8EFD}.Debug|Any CPU.ActiveCfg = Debug|Any CPU
		{223097D2-1767-4D43-90EC-2FD113DF8EFD}.Debug|Any CPU.Build.0 = Debug|Any CPU
		{223097D2-1767-4D43-90EC-2FD113DF8EFD}.Dev|Any CPU.ActiveCfg = Debug|Any CPU
		{223097D2-1767-4D43-90EC-2FD113DF8EFD}.Dev|Any CPU.Build.0 = Debug|Any CPU
		{223097D2-1767-4D43-90EC-2FD113DF8EFD}.Prod|Any CPU.ActiveCfg = Debug|Any CPU
		{223097D2-1767-4D43-90EC-2FD113DF8EFD}.Prod|Any CPU.Build.0 = Debug|Any CPU
		{223097D2-1767-4D43-90EC-2FD113DF8EFD}.Release|Any CPU.ActiveCfg = Release|Any CPU
		{223097D2-1767-4D43-90EC-2FD113DF8EFD}.Release|Any CPU.Build.0 = Release|Any CPU
		{CC3D618E-DAAB-4DF5-9359-AABD45BC2E9A}.Debug|Any CPU.ActiveCfg = Debug|Any CPU
		{CC3D618E-DAAB-4DF5-9359-AABD45BC2E9A}.Debug|Any CPU.Build.0 = Debug|Any CPU
		{CC3D618E-DAAB-4DF5-9359-AABD45BC2E9A}.Dev|Any CPU.ActiveCfg = Debug|Any CPU
		{CC3D618E-DAAB-4DF5-9359-AABD45BC2E9A}.Dev|Any CPU.Build.0 = Debug|Any CPU
		{CC3D618E-DAAB-4DF5-9359-AABD45BC2E9A}.Prod|Any CPU.ActiveCfg = Debug|Any CPU
		{CC3D618E-DAAB-4DF5-9359-AABD45BC2E9A}.Prod|Any CPU.Build.0 = Debug|Any CPU
		{CC3D618E-DAAB-4DF5-9359-AABD45BC2E9A}.Release|Any CPU.ActiveCfg = Release|Any CPU
		{CC3D618E-DAAB-4DF5-9359-AABD45BC2E9A}.Release|Any CPU.Build.0 = Release|Any CPU
		{5FB15566-1B54-4CB3-BA7A-41E259465EAF}.Debug|Any CPU.ActiveCfg = Debug|Any CPU
		{5FB15566-1B54-4CB3-BA7A-41E259465EAF}.Debug|Any CPU.Build.0 = Debug|Any CPU
		{5FB15566-1B54-4CB3-BA7A-41E259465EAF}.Dev|Any CPU.ActiveCfg = Debug|Any CPU
		{5FB15566-1B54-4CB3-BA7A-41E259465EAF}.Dev|Any CPU.Build.0 = Debug|Any CPU
		{5FB15566-1B54-4CB3-BA7A-41E259465EAF}.Prod|Any CPU.ActiveCfg = Debug|Any CPU
		{5FB15566-1B54-4CB3-BA7A-41E259465EAF}.Prod|Any CPU.Build.0 = Debug|Any CPU
		{5FB15566-1B54-4CB3-BA7A-41E259465EAF}.Release|Any CPU.ActiveCfg = Release|Any CPU
		{5FB15566-1B54-4CB3-BA7A-41E259465EAF}.Release|Any CPU.Build.0 = Release|Any CPU
	EndGlobalSection
	GlobalSection(SolutionProperties) = preSolution
		HideSolutionNode = FALSE
	EndGlobalSection
	GlobalSection(NestedProjects) = preSolution
		{EC157CF7-EDED-46B9-BDFC-7EF55B60C643} = {284EF95E-49B4-4717-82AB-825243990DD1}
		{223097D2-1767-4D43-90EC-2FD113DF8EFD} = {284EF95E-49B4-4717-82AB-825243990DD1}
		{CC3D618E-DAAB-4DF5-9359-AABD45BC2E9A} = {284EF95E-49B4-4717-82AB-825243990DD1}
		{5FB15566-1B54-4CB3-BA7A-41E259465EAF} = {284EF95E-49B4-4717-82AB-825243990DD1}
	EndGlobalSection
EndGlobal
